
Microsoft Visual Studio Solution File, Format Version 12.00
# Visual Studio Version 16
VisualStudioVersion = 16.0.30406.217
MinimumVisualStudioVersion = 10.0.40219.1
Project("{FAE04EC0-301F-11D3-BF4B-00C04F79EFBC}") = "Activity2Part1", "Activity2Part1.csproj", "{CE57A57E-251C-47CE-B3E9-F65262B9D841}"
EndProject
Global
	GlobalSection(SolutionConfigurationPlatforms) = preSolution
		Debug|Any CPU = Debug|Any CPU
		Release|Any CPU = Release|Any CPU
	EndGlobalSection
	GlobalSection(ProjectConfigurationPlatforms) = postSolution
		{CE57A57E-251C-47CE-B3E9-F65262B9D841}.Debug|Any CPU.ActiveCfg = Debug|Any CPU
		{CE57A57E-251C-47CE-B3E9-F65262B9D841}.Debug|Any CPU.Build.0 = Debug|Any CPU
		{CE57A57E-251C-47CE-B3E9-F65262B9D841}.Release|Any CPU.ActiveCfg = Release|Any CPU
		{CE57A57E-251C-47CE-B3E9-F65262B9D841}.Release|Any CPU.Build.0 = Release|Any CPU
	EndGlobalSection
	GlobalSection(SolutionProperties) = preSolution
		HideSolutionNode = FALSE
	EndGlobalSection
	GlobalSection(ExtensibilityGlobals) = postSolution
		SolutionGuid = {34CF138B-92DA-447C-B1A5-B7A6B098F574}
	EndGlobalSection
EndGlobal
